
Microsoft Visual Studio Solution File, Format Version 12.00
# Visual Studio Version 16
VisualStudioVersion = 16.0.810.11
MinimumVisualStudioVersion = 10.0.40219.1
Project("{FAE04EC0-301F-11D3-BF4B-00C04F79EFBC}") = "XFRgPopupsSample.Android", "XFRgPopupsSample.Android\XFRgPopupsSample.Android.csproj", "{2C53E31F-17E1-4B16-B6F0-79D5231FAAC2}"
EndProject
Project("{FAE04EC0-301F-11D3-BF4B-00C04F79EFBC}") = "XFRgPopupsSample.iOS", "XFRgPopupsSample.iOS\XFRgPopupsSample.iOS.csproj", "{35DFCFAB-ADF3-462B-99F2-AA797341EDA7}"
EndProject
Project("{FAE04EC0-301F-11D3-BF4B-00C04F79EFBC}") = "XFRgPopupsSample", "XFRgPopupsSample\XFRgPopupsSample.csproj", "{425B4F38-EC89-4DF4-B521-7B651FF8400B}"
EndProject
Global
	GlobalSection(SolutionConfigurationPlatforms) = preSolution
		Debug|Any CPU = Debug|Any CPU
		Release|Any CPU = Release|Any CPU
		Debug|iPhoneSimulator = Debug|iPhoneSimulator
		Release|iPhoneSimulator = Release|iPhoneSimulator
		Debug|iPhone = Debug|iPhone
		Release|iPhone = Release|iPhone
	EndGlobalSection
	GlobalSection(ProjectConfigurationPlatforms) = postSolution
		{2C53E31F-17E1-4B16-B6F0-79D5231FAAC2}.Debug|Any CPU.ActiveCfg = Debug|Any CPU
		{2C53E31F-17E1-4B16-B6F0-79D5231FAAC2}.Debug|Any CPU.Build.0 = Debug|Any CPU
		{2C53E31F-17E1-4B16-B6F0-79D5231FAAC2}.Release|Any CPU.ActiveCfg = Release|Any CPU
		{2C53E31F-17E1-4B16-B6F0-79D5231FAAC2}.Release|Any CPU.Build.0 = Release|Any CPU
		{2C53E31F-17E1-4B16-B6F0-79D5231FAAC2}.Debug|iPhoneSimulator.ActiveCfg = Debug|Any CPU
		{2C53E31F-17E1-4B16-B6F0-79D5231FAAC2}.Debug|iPhoneSimulator.Build.0 = Debug|Any CPU
		{2C53E31F-17E1-4B16-B6F0-79D5231FAAC2}.Release|iPhoneSimulator.ActiveCfg = Release|Any CPU
		{2C53E31F-17E1-4B16-B6F0-79D5231FAAC2}.Release|iPhoneSimulator.Build.0 = Release|Any CPU
		{2C53E31F-17E1-4B16-B6F0-79D5231FAAC2}.Debug|iPhone.ActiveCfg = Debug|Any CPU
		{2C53E31F-17E1-4B16-B6F0-79D5231FAAC2}.Debug|iPhone.Build.0 = Debug|Any CPU
		{2C53E31F-17E1-4B16-B6F0-79D5231FAAC2}.Release|iPhone.ActiveCfg = Release|Any CPU
		{2C53E31F-17E1-4B16-B6F0-79D5231FAAC2}.Release|iPhone.Build.0 = Release|Any CPU
		{35DFCFAB-ADF3-462B-99F2-AA797341EDA7}.Debug|Any CPU.ActiveCfg = Debug|iPhoneSimulator
		{35DFCFAB-ADF3-462B-99F2-AA797341EDA7}.Debug|Any CPU.Build.0 = Debug|iPhoneSimulator
		{35DFCFAB-ADF3-462B-99F2-AA797341EDA7}.Release|Any CPU.ActiveCfg = Release|iPhoneSimulator
		{35DFCFAB-ADF3-462B-99F2-AA797341EDA7}.Release|Any CPU.Build.0 = Release|iPhoneSimulator
		{35DFCFAB-ADF3-462B-99F2-AA797341EDA7}.Debug|iPhoneSimulator.ActiveCfg = Debug|iPhoneSimulator
		{35DFCFAB-ADF3-462B-99F2-AA797341EDA7}.Debug|iPhoneSimulator.Build.0 = Debug|iPhoneSimulator
		{35DFCFAB-ADF3-462B-99F2-AA797341EDA7}.Release|iPhoneSimulator.ActiveCfg = Release|iPhoneSimulator
		{35DFCFAB-ADF3-462B-99F2-AA797341EDA7}.Release|iPhoneSimulator.Build.0 = Release|iPhoneSimulator
		{35DFCFAB-ADF3-462B-99F2-AA797341EDA7}.Debug|iPhone.ActiveCfg = Debug|iPhone
		{35DFCFAB-ADF3-462B-99F2-AA797341EDA7}.Debug|iPhone.Build.0 = Debug|iPhone
		{35DFCFAB-ADF3-462B-99F2-AA797341EDA7}.Release|iPhone.ActiveCfg = Release|iPhone
		{35DFCFAB-ADF3-462B-99F2-AA797341EDA7}.Release|iPhone.Build.0 = Release|iPhone
		{425B4F38-EC89-4DF4-B521-7B651FF8400B}.Debug|Any CPU.ActiveCfg = Debug|Any CPU
		{425B4F38-EC89-4DF4-B521-7B651FF8400B}.Debug|Any CPU.Build.0 = Debug|Any CPU
		{425B4F38-EC89-4DF4-B521-7B651FF8400B}.Release|Any CPU.ActiveCfg = Release|Any CPU
		{425B4F38-EC89-4DF4-B521-7B651FF8400B}.Release|Any CPU.Build.0 = Release|Any CPU
		{425B4F38-EC89-4DF4-B521-7B651FF8400B}.Debug|iPhoneSimulator.ActiveCfg = Debug|Any CPU
		{425B4F38-EC89-4DF4-B521-7B651FF8400B}.Debug|iPhoneSimulator.Build.0 = Debug|Any CPU
		{425B4F38-EC89-4DF4-B521-7B651FF8400B}.Release|iPhoneSimulator.ActiveCfg = Release|Any CPU
		{425B4F38-EC89-4DF4-B521-7B651FF8400B}.Release|iPhoneSimulator.Build.0 = Release|Any CPU
		{425B4F38-EC89-4DF4-B521-7B651FF8400B}.Debug|iPhone.ActiveCfg = Debug|Any CPU
		{425B4F38-EC89-4DF4-B521-7B651FF8400B}.Debug|iPhone.Build.0 = Debug|Any CPU
		{425B4F38-EC89-4DF4-B521-7B651FF8400B}.Release|iPhone.ActiveCfg = Release|Any CPU
		{425B4F38-EC89-4DF4-B521-7B651FF8400B}.Release|iPhone.Build.0 = Release|Any CPU
	EndGlobalSection
	GlobalSection(SolutionProperties) = preSolution
		HideSolutionNode = FALSE
	EndGlobalSection
	GlobalSection(ExtensibilityGlobals) = postSolution
		SolutionGuid = {99BD46F5-9266-4944-B3A2-9B40E4D7866A}
	EndGlobalSection
EndGlobal
